
Microsoft Visual Studio Solution File, Format Version 12.00
# Visual Studio Version 17
VisualStudioVersion = 17.7.34009.444
MinimumVisualStudioVersion = 10.0.40219.1
Project("{FAE04EC0-301F-11D3-BF4B-00C04F79EFBC}") = "Modul320", "Modul320\Modul320.csproj", "{197DEB1C-0376-4906-BDE8-032B6DFF90C5}"
EndProject
Global
	GlobalSection(SolutionConfigurationPlatforms) = preSolution
		Debug|Any CPU = Debug|Any CPU
		Release|Any CPU = Release|Any CPU
	EndGlobalSection
	GlobalSection(ProjectConfigurationPlatforms) = postSolution
		{197DEB1C-0376-4906-BDE8-032B6DFF90C5}.Debug|Any CPU.ActiveCfg = Debug|Any CPU
		{197DEB1C-0376-4906-BDE8-032B6DFF90C5}.Debug|Any CPU.Build.0 = Debug|Any CPU
		{197DEB1C-0376-4906-BDE8-032B6DFF90C5}.Release|Any CPU.ActiveCfg = Release|Any CPU
		{197DEB1C-0376-4906-BDE8-032B6DFF90C5}.Release|Any CPU.Build.0 = Release|Any CPU
	EndGlobalSection
	GlobalSection(SolutionProperties) = preSolution
		HideSolutionNode = FALSE
	EndGlobalSection
	GlobalSection(ExtensibilityGlobals) = postSolution
		SolutionGuid = {9B9B7B67-E23E-455D-A53D-FE1688508C38}
	EndGlobalSection
EndGlobal
